
Microsoft Visual Studio Solution File, Format Version 12.00
# Visual Studio Version 17
VisualStudioVersion = 17.10.34928.147
MinimumVisualStudioVersion = 10.0.40219.1
Project("{FAE04EC0-301F-11D3-BF4B-00C04F79EFBC}") = "CoffeeShop", "CoffeeShop.csproj", "{5F571513-37EA-4843-8716-C6AD2A3CFE2B}"
EndProject
Global
	GlobalSection(SolutionConfigurationPlatforms) = preSolution
		Debug|Any CPU = Debug|Any CPU
		Release|Any CPU = Release|Any CPU
	EndGlobalSection
	GlobalSection(ProjectConfigurationPlatforms) = postSolution
		{5F571513-37EA-4843-8716-C6AD2A3CFE2B}.Debug|Any CPU.ActiveCfg = Debug|Any CPU
		{5F571513-37EA-4843-8716-C6AD2A3CFE2B}.Debug|Any CPU.Build.0 = Debug|Any CPU
		{5F571513-37EA-4843-8716-C6AD2A3CFE2B}.Release|Any CPU.ActiveCfg = Release|Any CPU
		{5F571513-37EA-4843-8716-C6AD2A3CFE2B}.Release|Any CPU.Build.0 = Release|Any CPU
	EndGlobalSection
	GlobalSection(SolutionProperties) = preSolution
		HideSolutionNode = FALSE
	EndGlobalSection
	GlobalSection(ExtensibilityGlobals) = postSolution
		SolutionGuid = {473A5807-AE70-4871-B16B-3D914BE885BB}
	EndGlobalSection
EndGlobal
